
Microsoft Visual Studio Solution File, Format Version 12.00
# Visual Studio Version 17
VisualStudioVersion = 17.1.32421.90
MinimumVisualStudioVersion = 10.0.40219.1
Project("{FAE04EC0-301F-11D3-BF4B-00C04F79EFBC}") = "09_EjerciciosMatrices", "09_EjerciciosMatrices.csproj", "{51FC7E9A-3913-4629-9DC1-AD03B6E715C3}"
EndProject
Global
	GlobalSection(SolutionConfigurationPlatforms) = preSolution
		Debug|Any CPU = Debug|Any CPU
		Release|Any CPU = Release|Any CPU
	EndGlobalSection
	GlobalSection(ProjectConfigurationPlatforms) = postSolution
		{51FC7E9A-3913-4629-9DC1-AD03B6E715C3}.Debug|Any CPU.ActiveCfg = Debug|Any CPU
		{51FC7E9A-3913-4629-9DC1-AD03B6E715C3}.Debug|Any CPU.Build.0 = Debug|Any CPU
		{51FC7E9A-3913-4629-9DC1-AD03B6E715C3}.Release|Any CPU.ActiveCfg = Release|Any CPU
		{51FC7E9A-3913-4629-9DC1-AD03B6E715C3}.Release|Any CPU.Build.0 = Release|Any CPU
	EndGlobalSection
	GlobalSection(SolutionProperties) = preSolution
		HideSolutionNode = FALSE
	EndGlobalSection
	GlobalSection(ExtensibilityGlobals) = postSolution
		SolutionGuid = {D5038ED0-8025-49D0-938D-E54F18014F52}
	EndGlobalSection
EndGlobal
