
Microsoft Visual Studio Solution File, Format Version 12.00
# Visual Studio Version 17
VisualStudioVersion = 17.1.32421.90
MinimumVisualStudioVersion = 10.0.40219.1
Project("{FAE04EC0-301F-11D3-BF4B-00C04F79EFBC}") = "05_Tarea", "05_Tarea.csproj", "{6893C603-DDDF-4AAA-89EF-15C7BE13984D}"
EndProject
Global
	GlobalSection(SolutionConfigurationPlatforms) = preSolution
		Debug|Any CPU = Debug|Any CPU
		Release|Any CPU = Release|Any CPU
	EndGlobalSection
	GlobalSection(ProjectConfigurationPlatforms) = postSolution
		{6893C603-DDDF-4AAA-89EF-15C7BE13984D}.Debug|Any CPU.ActiveCfg = Debug|Any CPU
		{6893C603-DDDF-4AAA-89EF-15C7BE13984D}.Debug|Any CPU.Build.0 = Debug|Any CPU
		{6893C603-DDDF-4AAA-89EF-15C7BE13984D}.Release|Any CPU.ActiveCfg = Release|Any CPU
		{6893C603-DDDF-4AAA-89EF-15C7BE13984D}.Release|Any CPU.Build.0 = Release|Any CPU
	EndGlobalSection
	GlobalSection(SolutionProperties) = preSolution
		HideSolutionNode = FALSE
	EndGlobalSection
	GlobalSection(ExtensibilityGlobals) = postSolution
		SolutionGuid = {67DCB083-5C2A-412E-B828-926761666713}
	EndGlobalSection
EndGlobal
