
Microsoft Visual Studio Solution File, Format Version 12.00
# Visual Studio Version 17
VisualStudioVersion = 17.2.32616.157
MinimumVisualStudioVersion = 10.0.40219.1
Project("{FAE04EC0-301F-11D3-BF4B-00C04F79EFBC}") = "16_GestorPersonas", "16_GestorPersonas.csproj", "{690205BB-33CD-4F28-A438-94E9E0A4311B}"
EndProject
Global
	GlobalSection(SolutionConfigurationPlatforms) = preSolution
		Debug|Any CPU = Debug|Any CPU
		Release|Any CPU = Release|Any CPU
	EndGlobalSection
	GlobalSection(ProjectConfigurationPlatforms) = postSolution
		{690205BB-33CD-4F28-A438-94E9E0A4311B}.Debug|Any CPU.ActiveCfg = Debug|Any CPU
		{690205BB-33CD-4F28-A438-94E9E0A4311B}.Debug|Any CPU.Build.0 = Debug|Any CPU
		{690205BB-33CD-4F28-A438-94E9E0A4311B}.Release|Any CPU.ActiveCfg = Release|Any CPU
		{690205BB-33CD-4F28-A438-94E9E0A4311B}.Release|Any CPU.Build.0 = Release|Any CPU
	EndGlobalSection
	GlobalSection(SolutionProperties) = preSolution
		HideSolutionNode = FALSE
	EndGlobalSection
	GlobalSection(ExtensibilityGlobals) = postSolution
		SolutionGuid = {B80410E9-E623-4258-94CE-D87CB9F8B4D5}
	EndGlobalSection
EndGlobal
