
Microsoft Visual Studio Solution File, Format Version 12.00
# Visual Studio Version 17
VisualStudioVersion = 17.2.32519.379
MinimumVisualStudioVersion = 10.0.40219.1
Project("{FAE04EC0-301F-11D3-BF4B-00C04F79EFBC}") = "11_IntroObjetos", "11_IntroObjetos.csproj", "{521ECE7D-F893-48BA-AE67-286644615600}"
EndProject
Global
	GlobalSection(SolutionConfigurationPlatforms) = preSolution
		Debug|Any CPU = Debug|Any CPU
		Release|Any CPU = Release|Any CPU
	EndGlobalSection
	GlobalSection(ProjectConfigurationPlatforms) = postSolution
		{521ECE7D-F893-48BA-AE67-286644615600}.Debug|Any CPU.ActiveCfg = Debug|Any CPU
		{521ECE7D-F893-48BA-AE67-286644615600}.Debug|Any CPU.Build.0 = Debug|Any CPU
		{521ECE7D-F893-48BA-AE67-286644615600}.Release|Any CPU.ActiveCfg = Release|Any CPU
		{521ECE7D-F893-48BA-AE67-286644615600}.Release|Any CPU.Build.0 = Release|Any CPU
	EndGlobalSection
	GlobalSection(SolutionProperties) = preSolution
		HideSolutionNode = FALSE
	EndGlobalSection
	GlobalSection(ExtensibilityGlobals) = postSolution
		SolutionGuid = {C5A7D3DA-1B31-4181-AAB1-36DAF95D19A5}
	EndGlobalSection
EndGlobal
