
Microsoft Visual Studio Solution File, Format Version 12.00
# Visual Studio Version 17
VisualStudioVersion = 17.2.32616.157
MinimumVisualStudioVersion = 10.0.40219.1
Project("{FAE04EC0-301F-11D3-BF4B-00C04F79EFBC}") = "19_GestorPersonas", "19_GestorPersonas.csproj", "{9E6AAEEE-A2C0-4304-B622-A2C14877416F}"
EndProject
Global
	GlobalSection(SolutionConfigurationPlatforms) = preSolution
		Debug|Any CPU = Debug|Any CPU
		Release|Any CPU = Release|Any CPU
	EndGlobalSection
	GlobalSection(ProjectConfigurationPlatforms) = postSolution
		{9E6AAEEE-A2C0-4304-B622-A2C14877416F}.Debug|Any CPU.ActiveCfg = Debug|Any CPU
		{9E6AAEEE-A2C0-4304-B622-A2C14877416F}.Debug|Any CPU.Build.0 = Debug|Any CPU
		{9E6AAEEE-A2C0-4304-B622-A2C14877416F}.Release|Any CPU.ActiveCfg = Release|Any CPU
		{9E6AAEEE-A2C0-4304-B622-A2C14877416F}.Release|Any CPU.Build.0 = Release|Any CPU
	EndGlobalSection
	GlobalSection(SolutionProperties) = preSolution
		HideSolutionNode = FALSE
	EndGlobalSection
	GlobalSection(ExtensibilityGlobals) = postSolution
		SolutionGuid = {A1DF9DE8-C4D6-4DC7-867D-3A14D038E5C4}
	EndGlobalSection
EndGlobal
