
Microsoft Visual Studio Solution File, Format Version 12.00
# Visual Studio Version 17
VisualStudioVersion = 17.2.32616.157
MinimumVisualStudioVersion = 10.0.40219.1
Project("{FAE04EC0-301F-11D3-BF4B-00C04F79EFBC}") = "21_LinQ_y_QueryExpression", "21_LinQ_y_QueryExpression.csproj", "{DD24AA10-B8D8-41DE-AF90-4365B1651323}"
EndProject
Global
	GlobalSection(SolutionConfigurationPlatforms) = preSolution
		Debug|Any CPU = Debug|Any CPU
		Release|Any CPU = Release|Any CPU
	EndGlobalSection
	GlobalSection(ProjectConfigurationPlatforms) = postSolution
		{DD24AA10-B8D8-41DE-AF90-4365B1651323}.Debug|Any CPU.ActiveCfg = Debug|Any CPU
		{DD24AA10-B8D8-41DE-AF90-4365B1651323}.Debug|Any CPU.Build.0 = Debug|Any CPU
		{DD24AA10-B8D8-41DE-AF90-4365B1651323}.Release|Any CPU.ActiveCfg = Release|Any CPU
		{DD24AA10-B8D8-41DE-AF90-4365B1651323}.Release|Any CPU.Build.0 = Release|Any CPU
	EndGlobalSection
	GlobalSection(SolutionProperties) = preSolution
		HideSolutionNode = FALSE
	EndGlobalSection
	GlobalSection(ExtensibilityGlobals) = postSolution
		SolutionGuid = {B06ADC41-2347-4E20-88EC-C021B2B8DB54}
	EndGlobalSection
EndGlobal
