
Microsoft Visual Studio Solution File, Format Version 12.00
# Visual Studio Version 17
VisualStudioVersion = 17.1.32421.90
MinimumVisualStudioVersion = 10.0.40219.1
Project("{FAE04EC0-301F-11D3-BF4B-00C04F79EFBC}") = "04_Condicionales", "04_Condicionales.csproj", "{F1ECE762-9BD0-4464-B5EB-9D77EB1109D0}"
EndProject
Global
	GlobalSection(SolutionConfigurationPlatforms) = preSolution
		Debug|Any CPU = Debug|Any CPU
		Release|Any CPU = Release|Any CPU
	EndGlobalSection
	GlobalSection(ProjectConfigurationPlatforms) = postSolution
		{F1ECE762-9BD0-4464-B5EB-9D77EB1109D0}.Debug|Any CPU.ActiveCfg = Debug|Any CPU
		{F1ECE762-9BD0-4464-B5EB-9D77EB1109D0}.Debug|Any CPU.Build.0 = Debug|Any CPU
		{F1ECE762-9BD0-4464-B5EB-9D77EB1109D0}.Release|Any CPU.ActiveCfg = Release|Any CPU
		{F1ECE762-9BD0-4464-B5EB-9D77EB1109D0}.Release|Any CPU.Build.0 = Release|Any CPU
	EndGlobalSection
	GlobalSection(SolutionProperties) = preSolution
		HideSolutionNode = FALSE
	EndGlobalSection
	GlobalSection(ExtensibilityGlobals) = postSolution
		SolutionGuid = {AA871665-4BFE-41FC-BE90-977232B3444C}
	EndGlobalSection
EndGlobal
