
Microsoft Visual Studio Solution File, Format Version 12.00
# Visual Studio Version 17
VisualStudioVersion = 17.2.32616.157
MinimumVisualStudioVersion = 10.0.40219.1
Project("{FAE04EC0-301F-11D3-BF4B-00C04F79EFBC}") = "17_Interfaces", "17_Interfaces.csproj", "{A9C05F34-89BE-4145-8D2A-28C67BB167B1}"
EndProject
Global
	GlobalSection(SolutionConfigurationPlatforms) = preSolution
		Debug|Any CPU = Debug|Any CPU
		Release|Any CPU = Release|Any CPU
	EndGlobalSection
	GlobalSection(ProjectConfigurationPlatforms) = postSolution
		{A9C05F34-89BE-4145-8D2A-28C67BB167B1}.Debug|Any CPU.ActiveCfg = Debug|Any CPU
		{A9C05F34-89BE-4145-8D2A-28C67BB167B1}.Debug|Any CPU.Build.0 = Debug|Any CPU
		{A9C05F34-89BE-4145-8D2A-28C67BB167B1}.Release|Any CPU.ActiveCfg = Release|Any CPU
		{A9C05F34-89BE-4145-8D2A-28C67BB167B1}.Release|Any CPU.Build.0 = Release|Any CPU
	EndGlobalSection
	GlobalSection(SolutionProperties) = preSolution
		HideSolutionNode = FALSE
	EndGlobalSection
	GlobalSection(ExtensibilityGlobals) = postSolution
		SolutionGuid = {20BDF540-D8A7-4E47-A0F2-CBDBCEE64DE7}
	EndGlobalSection
EndGlobal
