
Microsoft Visual Studio Solution File, Format Version 12.00
# Visual Studio Version 17
VisualStudioVersion = 17.2.32526.322
MinimumVisualStudioVersion = 10.0.40219.1
Project("{FAE04EC0-301F-11D3-BF4B-00C04F79EFBC}") = "12_Alumnitos", "12_Alumnitos.csproj", "{8891ED5F-6DB6-4B0E-A0AE-1F147A90552E}"
EndProject
Global
	GlobalSection(SolutionConfigurationPlatforms) = preSolution
		Debug|Any CPU = Debug|Any CPU
		Release|Any CPU = Release|Any CPU
	EndGlobalSection
	GlobalSection(ProjectConfigurationPlatforms) = postSolution
		{8891ED5F-6DB6-4B0E-A0AE-1F147A90552E}.Debug|Any CPU.ActiveCfg = Debug|Any CPU
		{8891ED5F-6DB6-4B0E-A0AE-1F147A90552E}.Debug|Any CPU.Build.0 = Debug|Any CPU
		{8891ED5F-6DB6-4B0E-A0AE-1F147A90552E}.Release|Any CPU.ActiveCfg = Release|Any CPU
		{8891ED5F-6DB6-4B0E-A0AE-1F147A90552E}.Release|Any CPU.Build.0 = Release|Any CPU
	EndGlobalSection
	GlobalSection(SolutionProperties) = preSolution
		HideSolutionNode = FALSE
	EndGlobalSection
	GlobalSection(ExtensibilityGlobals) = postSolution
		SolutionGuid = {DDFFCD5C-5A3E-4822-906B-46CFCF974F25}
	EndGlobalSection
EndGlobal
