
Microsoft Visual Studio Solution File, Format Version 12.00
# Visual Studio Version 17
VisualStudioVersion = 17.3.32929.385
MinimumVisualStudioVersion = 10.0.40219.1
Project("{FAE04EC0-301F-11D3-BF4B-00C04F79EFBC}") = "52_HolaCurso", "52_HolaCurso\52_HolaCurso.csproj", "{D96BF321-496D-4992-951F-C52953E86BCB}"
EndProject
Global
	GlobalSection(SolutionConfigurationPlatforms) = preSolution
		Debug|Any CPU = Debug|Any CPU
		Release|Any CPU = Release|Any CPU
	EndGlobalSection
	GlobalSection(ProjectConfigurationPlatforms) = postSolution
		{D96BF321-496D-4992-951F-C52953E86BCB}.Debug|Any CPU.ActiveCfg = Debug|Any CPU
		{D96BF321-496D-4992-951F-C52953E86BCB}.Debug|Any CPU.Build.0 = Debug|Any CPU
		{D96BF321-496D-4992-951F-C52953E86BCB}.Release|Any CPU.ActiveCfg = Release|Any CPU
		{D96BF321-496D-4992-951F-C52953E86BCB}.Release|Any CPU.Build.0 = Release|Any CPU
	EndGlobalSection
	GlobalSection(SolutionProperties) = preSolution
		HideSolutionNode = FALSE
	EndGlobalSection
	GlobalSection(ExtensibilityGlobals) = postSolution
		SolutionGuid = {47A0B790-523D-44FB-844E-7AC74A7F3D6C}
	EndGlobalSection
EndGlobal
