
Microsoft Visual Studio Solution File, Format Version 12.00
# Visual Studio Version 17
VisualStudioVersion = 17.2.32519.379
MinimumVisualStudioVersion = 10.0.40219.1
Project("{FAE04EC0-301F-11D3-BF4B-00C04F79EFBC}") = "10_EstructurasPilaCola", "10_EstructurasPilaCola.csproj", "{E265FB5C-EACA-41F2-A9AF-BCB73DFBFFEF}"
EndProject
Global
	GlobalSection(SolutionConfigurationPlatforms) = preSolution
		Debug|Any CPU = Debug|Any CPU
		Release|Any CPU = Release|Any CPU
	EndGlobalSection
	GlobalSection(ProjectConfigurationPlatforms) = postSolution
		{E265FB5C-EACA-41F2-A9AF-BCB73DFBFFEF}.Debug|Any CPU.ActiveCfg = Debug|Any CPU
		{E265FB5C-EACA-41F2-A9AF-BCB73DFBFFEF}.Debug|Any CPU.Build.0 = Debug|Any CPU
		{E265FB5C-EACA-41F2-A9AF-BCB73DFBFFEF}.Release|Any CPU.ActiveCfg = Release|Any CPU
		{E265FB5C-EACA-41F2-A9AF-BCB73DFBFFEF}.Release|Any CPU.Build.0 = Release|Any CPU
	EndGlobalSection
	GlobalSection(SolutionProperties) = preSolution
		HideSolutionNode = FALSE
	EndGlobalSection
	GlobalSection(ExtensibilityGlobals) = postSolution
		SolutionGuid = {95962BA0-630A-4150-9E61-FB83ED8008E1}
	EndGlobalSection
EndGlobal
