
Microsoft Visual Studio Solution File, Format Version 12.00
# Visual Studio Version 17
VisualStudioVersion = 17.2.32526.322
MinimumVisualStudioVersion = 10.0.40219.1
Project("{FAE04EC0-301F-11D3-BF4B-00C04F79EFBC}") = "13_Tarea", "13_Tarea.csproj", "{84FD3E2C-0A6A-4AA5-87B5-3456457E6415}"
EndProject
Global
	GlobalSection(SolutionConfigurationPlatforms) = preSolution
		Debug|Any CPU = Debug|Any CPU
		Release|Any CPU = Release|Any CPU
	EndGlobalSection
	GlobalSection(ProjectConfigurationPlatforms) = postSolution
		{84FD3E2C-0A6A-4AA5-87B5-3456457E6415}.Debug|Any CPU.ActiveCfg = Debug|Any CPU
		{84FD3E2C-0A6A-4AA5-87B5-3456457E6415}.Debug|Any CPU.Build.0 = Debug|Any CPU
		{84FD3E2C-0A6A-4AA5-87B5-3456457E6415}.Release|Any CPU.ActiveCfg = Release|Any CPU
		{84FD3E2C-0A6A-4AA5-87B5-3456457E6415}.Release|Any CPU.Build.0 = Release|Any CPU
	EndGlobalSection
	GlobalSection(SolutionProperties) = preSolution
		HideSolutionNode = FALSE
	EndGlobalSection
	GlobalSection(ExtensibilityGlobals) = postSolution
		SolutionGuid = {DB0C8242-52A3-48BC-A790-0AEAAF2B12DB}
	EndGlobalSection
EndGlobal
